// !$*UTF8*$!
{
	archiveVersion = 1;
	classes = {
	};
	objectVersion = 55;
	objects = {

/* Begin PBXBuildFile section */
		740B84C2286622150013B685 /* WrapperMQTT.swift in Sources */ = {isa = PBXBuildFile; fileRef = 740B84C1286622150013B685 /* WrapperMQTT.swift */; };
		740B84C4286636240013B685 /* CreationState.swift in Sources */ = {isa = PBXBuildFile; fileRef = 740B84C3286636240013B685 /* CreationState.swift */; };
		740B84C8286653C30013B685 /* OrderMenuRoomView.swift in Sources */ = {isa = PBXBuildFile; fileRef = 740B84C7286653C30013B685 /* OrderMenuRoomView.swift */; };
		740B84CB28670E460013B685 /* PiattoSquareForOrder.swift in Sources */ = {isa = PBXBuildFile; fileRef = 740B84CA28670E460013B685 /* PiattoSquareForOrder.swift */; };
		740B84CD286714090013B685 /* ConfirmMenuRoomView.swift in Sources */ = {isa = PBXBuildFile; fileRef = 740B84CC286714090013B685 /* ConfirmMenuRoomView.swift */; };
		740B84D1286723B80013B685 /* ResultMenuRoomView.swift in Sources */ = {isa = PBXBuildFile; fileRef = 740B84D0286723B80013B685 /* ResultMenuRoomView.swift */; };
		742AE70028623F2100B84DF4 /* AppDelegateForHomeShortcut.swift in Sources */ = {isa = PBXBuildFile; fileRef = 742AE6FF28623F2100B84DF4 /* AppDelegateForHomeShortcut.swift */; };
		7431F04E285F36AD007F59B9 /* AccountView.swift in Sources */ = {isa = PBXBuildFile; fileRef = 7431F04D285F36AD007F59B9 /* AccountView.swift */; };
		7431F050285F37CB007F59B9 /* RoomView.swift in Sources */ = {isa = PBXBuildFile; fileRef = 7431F04F285F37CB007F59B9 /* RoomView.swift */; };
		7431F053285F3852007F59B9 /* RestaurantView.swift in Sources */ = {isa = PBXBuildFile; fileRef = 7431F052285F3852007F59B9 /* RestaurantView.swift */; };
		7435ACF9284B865300EC8DFF /* SushimeApp.swift in Sources */ = {isa = PBXBuildFile; fileRef = 7435ACF8284B865300EC8DFF /* SushimeApp.swift */; };
		7435ACFB284B865300EC8DFF /* ContentView.swift in Sources */ = {isa = PBXBuildFile; fileRef = 7435ACFA284B865300EC8DFF /* ContentView.swift */; };
		7435ACFD284B865400EC8DFF /* Assets.xcassets in Resources */ = {isa = PBXBuildFile; fileRef = 7435ACFC284B865400EC8DFF /* Assets.xcassets */; };
		7435AD00284B865400EC8DFF /* Preview Assets.xcassets in Resources */ = {isa = PBXBuildFile; fileRef = 7435ACFF284B865400EC8DFF /* Preview Assets.xcassets */; };
		7435AD02284B865400EC8DFF /* Persistence.swift in Sources */ = {isa = PBXBuildFile; fileRef = 7435AD01284B865400EC8DFF /* Persistence.swift */; };
		7435AD05284B865400EC8DFF /* Sushime.xcdatamodeld in Sources */ = {isa = PBXBuildFile; fileRef = 7435AD03284B865400EC8DFF /* Sushime.xcdatamodeld */; };
		7435AD0D284B8C2200EC8DFF /* RootView.swift in Sources */ = {isa = PBXBuildFile; fileRef = 7435AD0C284B8C2200EC8DFF /* RootView.swift */; };
		743CB8D4285F8483000B16AA /* SelectionButton.swift in Sources */ = {isa = PBXBuildFile; fileRef = 743CB8D3285F8483000B16AA /* SelectionButton.swift */; };
		743CB8D6285F95DB000B16AA /* SplashScreenView.swift in Sources */ = {isa = PBXBuildFile; fileRef = 743CB8D5285F95DB000B16AA /* SplashScreenView.swift */; };
		743CB8DC2860AB22000B16AA /* ViewModel.swift in Sources */ = {isa = PBXBuildFile; fileRef = 743CB8DB2860AB22000B16AA /* ViewModel.swift */; };
		743CB8DE2860AB2E000B16AA /* Model.swift in Sources */ = {isa = PBXBuildFile; fileRef = 743CB8DD2860AB2E000B16AA /* Model.swift */; };
		743CB8E12860C79A000B16AA /* cameraHelper.swift in Sources */ = {isa = PBXBuildFile; fileRef = 743CB8E02860C79A000B16AA /* cameraHelper.swift */; };
		743CB8E42860CD53000B16AA /* UserFormView.swift in Sources */ = {isa = PBXBuildFile; fileRef = 743CB8E32860CD53000B16AA /* UserFormView.swift */; };
		745C22A7286372D0003693B5 /* piatti.csv in Resources */ = {isa = PBXBuildFile; fileRef = 745C22A4286372D0003693B5 /* piatti.csv */; };
		745C22A8286372D0003693B5 /* categorie.csv in Resources */ = {isa = PBXBuildFile; fileRef = 745C22A5286372D0003693B5 /* categorie.csv */; };
		745C22AC28638334003693B5 /* DBExtension.swift in Sources */ = {isa = PBXBuildFile; fileRef = 745C22AB28638334003693B5 /* DBExtension.swift */; };
		745C22AE28638DFC003693B5 /* GPSView.swift in Sources */ = {isa = PBXBuildFile; fileRef = 745C22AD28638DFC003693B5 /* GPSView.swift */; };
		74834FA12864874A00B1500C /* RestaurantDetailView.swift in Sources */ = {isa = PBXBuildFile; fileRef = 74834FA02864874A00B1500C /* RestaurantDetailView.swift */; };
		7483506528648E4000B1500C /* sushi-img in Resources */ = {isa = PBXBuildFile; fileRef = 7483506428648E4000B1500C /* sushi-img */; };
		7483506728648E4700B1500C /* restaurant-img in Resources */ = {isa = PBXBuildFile; fileRef = 7483506628648E4700B1500C /* restaurant-img */; };
		7483506B286494D700B1500C /* PiattoSquareView.swift in Sources */ = {isa = PBXBuildFile; fileRef = 7483506A286494D700B1500C /* PiattoSquareView.swift */; };
		74D391FC2864A4D800EFF226 /* CodeScanner in Frameworks */ = {isa = PBXBuildFile; productRef = 74D391FB2864A4D800EFF226 /* CodeScanner */; };
		74E8C1812864D4EF00934323 /* JoinView.swift in Sources */ = {isa = PBXBuildFile; fileRef = 74E8C1802864D4EF00934323 /* JoinView.swift */; };
		74E8C1832864D50A00934323 /* CreateView.swift in Sources */ = {isa = PBXBuildFile; fileRef = 74E8C1822864D50A00934323 /* CreateView.swift */; };
		74E8C1852864E0CD00934323 /* CreateTopbarView.swift in Sources */ = {isa = PBXBuildFile; fileRef = 74E8C1842864E0CD00934323 /* CreateTopbarView.swift */; };
		74E8C1872865A8EF00934323 /* QRCodeView.swift in Sources */ = {isa = PBXBuildFile; fileRef = 74E8C1862865A8EF00934323 /* QRCodeView.swift */; };
		74E8C18A2865BD0D00934323 /* CreatedRoomView.swift in Sources */ = {isa = PBXBuildFile; fileRef = 74E8C1892865BD0D00934323 /* CreatedRoomView.swift */; };
		74E8C18E2865C12600934323 /* RestaurantSelectionToCreateView.swift in Sources */ = {isa = PBXBuildFile; fileRef = 74E8C18D2865C12600934323 /* RestaurantSelectionToCreateView.swift */; };
		74E8C1922865E5FB00934323 /* ristoranti.csv in Resources */ = {isa = PBXBuildFile; fileRef = 74E8C1912865E5FB00934323 /* ristoranti.csv */; };
		74F976F428622FF300FD8FEF /* AppPath.swift in Sources */ = {isa = PBXBuildFile; fileRef = 74F976F328622FF300FD8FEF /* AppPath.swift */; };
		88B6C0B79F27FC9E8A124721 /* Pods_Sushime.framework in Frameworks */ = {isa = PBXBuildFile; fileRef = 9015F741354433A5A438EDE0 /* Pods_Sushime.framework */; };
/* End PBXBuildFile section */

/* Begin PBXFileReference section */
		740B84C1286622150013B685 /* WrapperMQTT.swift */ = {isa = PBXFileReference; lastKnownFileType = sourcecode.swift; path = WrapperMQTT.swift; sourceTree = "<group>"; };
		740B84C3286636240013B685 /* CreationState.swift */ = {isa = PBXFileReference; lastKnownFileType = sourcecode.swift; path = CreationState.swift; sourceTree = "<group>"; };
		740B84C7286653C30013B685 /* OrderMenuRoomView.swift */ = {isa = PBXFileReference; lastKnownFileType = sourcecode.swift; path = OrderMenuRoomView.swift; sourceTree = "<group>"; };
		740B84CA28670E460013B685 /* PiattoSquareForOrder.swift */ = {isa = PBXFileReference; lastKnownFileType = sourcecode.swift; path = PiattoSquareForOrder.swift; sourceTree = "<group>"; };
		740B84CC286714090013B685 /* ConfirmMenuRoomView.swift */ = {isa = PBXFileReference; lastKnownFileType = sourcecode.swift; path = ConfirmMenuRoomView.swift; sourceTree = "<group>"; };
		740B84D0286723B80013B685 /* ResultMenuRoomView.swift */ = {isa = PBXFileReference; lastKnownFileType = sourcecode.swift; path = ResultMenuRoomView.swift; sourceTree = "<group>"; };
		742AE6FF28623F2100B84DF4 /* AppDelegateForHomeShortcut.swift */ = {isa = PBXFileReference; lastKnownFileType = sourcecode.swift; path = AppDelegateForHomeShortcut.swift; sourceTree = "<group>"; };
		7431F04D285F36AD007F59B9 /* AccountView.swift */ = {isa = PBXFileReference; lastKnownFileType = sourcecode.swift; path = AccountView.swift; sourceTree = "<group>"; };
		7431F04F285F37CB007F59B9 /* RoomView.swift */ = {isa = PBXFileReference; lastKnownFileType = sourcecode.swift; path = RoomView.swift; sourceTree = "<group>"; };
		7431F052285F3852007F59B9 /* RestaurantView.swift */ = {isa = PBXFileReference; lastKnownFileType = sourcecode.swift; path = RestaurantView.swift; sourceTree = "<group>"; };
		7435ACF5284B865300EC8DFF /* Sushime.app */ = {isa = PBXFileReference; explicitFileType = wrapper.application; includeInIndex = 0; path = Sushime.app; sourceTree = BUILT_PRODUCTS_DIR; };
		7435ACF8284B865300EC8DFF /* SushimeApp.swift */ = {isa = PBXFileReference; lastKnownFileType = sourcecode.swift; path = SushimeApp.swift; sourceTree = "<group>"; };
		7435ACFA284B865300EC8DFF /* ContentView.swift */ = {isa = PBXFileReference; lastKnownFileType = sourcecode.swift; path = ContentView.swift; sourceTree = "<group>"; };
		7435ACFC284B865400EC8DFF /* Assets.xcassets */ = {isa = PBXFileReference; lastKnownFileType = folder.assetcatalog; path = Assets.xcassets; sourceTree = "<group>"; };
		7435ACFF284B865400EC8DFF /* Preview Assets.xcassets */ = {isa = PBXFileReference; lastKnownFileType = folder.assetcatalog; path = "Preview Assets.xcassets"; sourceTree = "<group>"; };
		7435AD01284B865400EC8DFF /* Persistence.swift */ = {isa = PBXFileReference; lastKnownFileType = sourcecode.swift; path = Persistence.swift; sourceTree = "<group>"; };
		7435AD04284B865400EC8DFF /* Sushime.xcdatamodel */ = {isa = PBXFileReference; lastKnownFileType = wrapper.xcdatamodel; path = Sushime.xcdatamodel; sourceTree = "<group>"; };
		7435AD0C284B8C2200EC8DFF /* RootView.swift */ = {isa = PBXFileReference; lastKnownFileType = sourcecode.swift; path = RootView.swift; sourceTree = "<group>"; };
		743CB8D3285F8483000B16AA /* SelectionButton.swift */ = {isa = PBXFileReference; lastKnownFileType = sourcecode.swift; path = SelectionButton.swift; sourceTree = "<group>"; };
		743CB8D5285F95DB000B16AA /* SplashScreenView.swift */ = {isa = PBXFileReference; lastKnownFileType = sourcecode.swift; path = SplashScreenView.swift; sourceTree = "<group>"; };
		743CB8DB2860AB22000B16AA /* ViewModel.swift */ = {isa = PBXFileReference; lastKnownFileType = sourcecode.swift; path = ViewModel.swift; sourceTree = "<group>"; };
		743CB8DD2860AB2E000B16AA /* Model.swift */ = {isa = PBXFileReference; lastKnownFileType = sourcecode.swift; path = Model.swift; sourceTree = "<group>"; };
		743CB8E02860C79A000B16AA /* cameraHelper.swift */ = {isa = PBXFileReference; lastKnownFileType = sourcecode.swift; path = cameraHelper.swift; sourceTree = "<group>"; };
		743CB8E32860CD53000B16AA /* UserFormView.swift */ = {isa = PBXFileReference; lastKnownFileType = sourcecode.swift; path = UserFormView.swift; sourceTree = "<group>"; };
		745C22A4286372D0003693B5 /* piatti.csv */ = {isa = PBXFileReference; fileEncoding = 4; lastKnownFileType = text; path = piatti.csv; sourceTree = "<group>"; };
		745C22A5286372D0003693B5 /* categorie.csv */ = {isa = PBXFileReference; fileEncoding = 4; lastKnownFileType = text; path = categorie.csv; sourceTree = "<group>"; };
		745C22AB28638334003693B5 /* DBExtension.swift */ = {isa = PBXFileReference; lastKnownFileType = sourcecode.swift; path = DBExtension.swift; sourceTree = "<group>"; };
		745C22AD28638DFC003693B5 /* GPSView.swift */ = {isa = PBXFileReference; lastKnownFileType = sourcecode.swift; path = GPSView.swift; sourceTree = "<group>"; };
		746AD19F39954111FAA156B1 /* Pods-Sushime.debug.xcconfig */ = {isa = PBXFileReference; includeInIndex = 1; lastKnownFileType = text.xcconfig; name = "Pods-Sushime.debug.xcconfig"; path = "Target Support Files/Pods-Sushime/Pods-Sushime.debug.xcconfig"; sourceTree = "<group>"; };
		74834FA02864874A00B1500C /* RestaurantDetailView.swift */ = {isa = PBXFileReference; lastKnownFileType = sourcecode.swift; path = RestaurantDetailView.swift; sourceTree = "<group>"; };
		7483506428648E4000B1500C /* sushi-img */ = {isa = PBXFileReference; lastKnownFileType = folder; path = "sushi-img"; sourceTree = "<group>"; };
		7483506628648E4700B1500C /* restaurant-img */ = {isa = PBXFileReference; lastKnownFileType = folder; path = "restaurant-img"; sourceTree = "<group>"; };
		7483506A286494D700B1500C /* PiattoSquareView.swift */ = {isa = PBXFileReference; lastKnownFileType = sourcecode.swift; path = PiattoSquareView.swift; sourceTree = "<group>"; };
		74E8C1802864D4EF00934323 /* JoinView.swift */ = {isa = PBXFileReference; lastKnownFileType = sourcecode.swift; path = JoinView.swift; sourceTree = "<group>"; };
		74E8C1822864D50A00934323 /* CreateView.swift */ = {isa = PBXFileReference; lastKnownFileType = sourcecode.swift; path = CreateView.swift; sourceTree = "<group>"; };
		74E8C1842864E0CD00934323 /* CreateTopbarView.swift */ = {isa = PBXFileReference; lastKnownFileType = sourcecode.swift; path = CreateTopbarView.swift; sourceTree = "<group>"; };
		74E8C1862865A8EF00934323 /* QRCodeView.swift */ = {isa = PBXFileReference; lastKnownFileType = sourcecode.swift; path = QRCodeView.swift; sourceTree = "<group>"; };
		74E8C1892865BD0D00934323 /* CreatedRoomView.swift */ = {isa = PBXFileReference; lastKnownFileType = sourcecode.swift; path = CreatedRoomView.swift; sourceTree = "<group>"; };
		74E8C18D2865C12600934323 /* RestaurantSelectionToCreateView.swift */ = {isa = PBXFileReference; lastKnownFileType = sourcecode.swift; path = RestaurantSelectionToCreateView.swift; sourceTree = "<group>"; };
		74E8C1912865E5FB00934323 /* ristoranti.csv */ = {isa = PBXFileReference; fileEncoding = 4; lastKnownFileType = text; path = ristoranti.csv; sourceTree = "<group>"; };
		74F976F328622FF300FD8FEF /* AppPath.swift */ = {isa = PBXFileReference; lastKnownFileType = sourcecode.swift; path = AppPath.swift; sourceTree = "<group>"; };
		9015F741354433A5A438EDE0 /* Pods_Sushime.framework */ = {isa = PBXFileReference; explicitFileType = wrapper.framework; includeInIndex = 0; path = Pods_Sushime.framework; sourceTree = BUILT_PRODUCTS_DIR; };
		E82175E569E1CCBB206A4562 /* Pods-Sushime.release.xcconfig */ = {isa = PBXFileReference; includeInIndex = 1; lastKnownFileType = text.xcconfig; name = "Pods-Sushime.release.xcconfig"; path = "Target Support Files/Pods-Sushime/Pods-Sushime.release.xcconfig"; sourceTree = "<group>"; };
/* End PBXFileReference section */

/* Begin PBXFrameworksBuildPhase section */
		7435ACF2284B865300EC8DFF /* Frameworks */ = {
			isa = PBXFrameworksBuildPhase;
			buildActionMask = 2147483647;
			files = (
				74D391FC2864A4D800EFF226 /* CodeScanner in Frameworks */,
				88B6C0B79F27FC9E8A124721 /* Pods_Sushime.framework in Frameworks */,
			);
			runOnlyForDeploymentPostprocessing = 0;
		};
/* End PBXFrameworksBuildPhase section */

/* Begin PBXGroup section */
		740B84C928670E060013B685 /* Menu */ = {
			isa = PBXGroup;
			children = (
				740B84CA28670E460013B685 /* PiattoSquareForOrder.swift */,
			);
			path = Menu;
			sourceTree = "<group>";
		};
		741E9F38286369F100BB1216 /* resources */ = {
			isa = PBXGroup;
			children = (
				7483506628648E4700B1500C /* restaurant-img */,
				7483506428648E4000B1500C /* sushi-img */,
				745C22A5286372D0003693B5 /* categorie.csv */,
				745C22A4286372D0003693B5 /* piatti.csv */,
				74E8C1912865E5FB00934323 /* ristoranti.csv */,
			);
			path = resources;
			sourceTree = "<group>";
		};
		7431F04B285F364F007F59B9 /* Room */ = {
			isa = PBXGroup;
			children = (
				74E8C17F2864D4C000934323 /* Create */,
				74E8C17E2864D4BA00934323 /* Join */,
				7431F04F285F37CB007F59B9 /* RoomView.swift */,
				743CB8D3285F8483000B16AA /* SelectionButton.swift */,
			);
			path = Room;
			sourceTree = "<group>";
		};
		7431F04C285F3699007F59B9 /* Account */ = {
			isa = PBXGroup;
			children = (
				743CB8E22860CD2B000B16AA /* UserForm */,
				7431F04D285F36AD007F59B9 /* AccountView.swift */,
			);
			path = Account;
			sourceTree = "<group>";
		};
		7431F051285F3845007F59B9 /* Restaurant */ = {
			isa = PBXGroup;
			children = (
				74835069286494BB00B1500C /* Menu */,
				7431F052285F3852007F59B9 /* RestaurantView.swift */,
				745C22AD28638DFC003693B5 /* GPSView.swift */,
				74834FA02864874A00B1500C /* RestaurantDetailView.swift */,
			);
			path = Restaurant;
			sourceTree = "<group>";
		};
		7435ACEC284B865300EC8DFF = {
			isa = PBXGroup;
			children = (
				7435ACF7284B865300EC8DFF /* Sushime */,
				7435ACF6284B865300EC8DFF /* Products */,
				B3EEAECA2A449E1E064CC8FA /* Pods */,
				99D0BC44E67B1C1DE36D9E36 /* Frameworks */,
			);
			sourceTree = "<group>";
		};
		7435ACF6284B865300EC8DFF /* Products */ = {
			isa = PBXGroup;
			children = (
				7435ACF5284B865300EC8DFF /* Sushime.app */,
			);
			name = Products;
			sourceTree = "<group>";
		};
		7435ACF7284B865300EC8DFF /* Sushime */ = {
			isa = PBXGroup;
			children = (
				745C22AA28638324003693B5 /* Utils */,
				741E9F38286369F100BB1216 /* resources */,
				743CB8DA2860AAFB000B16AA /* Model */,
				743CB8D92860AAE4000B16AA /* ViewModel */,
				7435AD0B284B8BF600EC8DFF /* View */,
				7435ACF8284B865300EC8DFF /* SushimeApp.swift */,
				7435ACFA284B865300EC8DFF /* ContentView.swift */,
				7435ACFC284B865400EC8DFF /* Assets.xcassets */,
				7435AD01284B865400EC8DFF /* Persistence.swift */,
				7435AD03284B865400EC8DFF /* Sushime.xcdatamodeld */,
				7435ACFE284B865400EC8DFF /* Preview Content */,
			);
			path = Sushime;
			sourceTree = "<group>";
		};
		7435ACFE284B865400EC8DFF /* Preview Content */ = {
			isa = PBXGroup;
			children = (
				7435ACFF284B865400EC8DFF /* Preview Assets.xcassets */,
			);
			path = "Preview Content";
			sourceTree = "<group>";
		};
		7435AD0B284B8BF600EC8DFF /* View */ = {
			isa = PBXGroup;
			children = (
				7431F051285F3845007F59B9 /* Restaurant */,
				7431F04C285F3699007F59B9 /* Account */,
				7431F04B285F364F007F59B9 /* Room */,
				7435AD0C284B8C2200EC8DFF /* RootView.swift */,
				743CB8D5285F95DB000B16AA /* SplashScreenView.swift */,
			);
			path = View;
			sourceTree = "<group>";
		};
		743CB8D92860AAE4000B16AA /* ViewModel */ = {
			isa = PBXGroup;
			children = (
				743CB8DB2860AB22000B16AA /* ViewModel.swift */,
				74F976F328622FF300FD8FEF /* AppPath.swift */,
				742AE6FF28623F2100B84DF4 /* AppDelegateForHomeShortcut.swift */,
				740B84C1286622150013B685 /* WrapperMQTT.swift */,
			);
			path = ViewModel;
			sourceTree = "<group>";
		};
		743CB8DA2860AAFB000B16AA /* Model */ = {
			isa = PBXGroup;
			children = (
				743CB8DD2860AB2E000B16AA /* Model.swift */,
				740B84C3286636240013B685 /* CreationState.swift */,
			);
			path = Model;
			sourceTree = "<group>";
		};
		743CB8E22860CD2B000B16AA /* UserForm */ = {
			isa = PBXGroup;
			children = (
				743CB8E02860C79A000B16AA /* cameraHelper.swift */,
				743CB8E32860CD53000B16AA /* UserFormView.swift */,
			);
			path = UserForm;
			sourceTree = "<group>";
		};
		745C22AA28638324003693B5 /* Utils */ = {
			isa = PBXGroup;
			children = (
				745C22AB28638334003693B5 /* DBExtension.swift */,
			);
			path = Utils;
			sourceTree = "<group>";
		};
		74835069286494BB00B1500C /* Menu */ = {
			isa = PBXGroup;
			children = (
				7483506A286494D700B1500C /* PiattoSquareView.swift */,
			);
			path = Menu;
			sourceTree = "<group>";
		};
		74E8C17E2864D4BA00934323 /* Join */ = {
			isa = PBXGroup;
			children = (
				74E8C1802864D4EF00934323 /* JoinView.swift */,
			);
			path = Join;
			sourceTree = "<group>";
		};
		74E8C17F2864D4C000934323 /* Create */ = {
			isa = PBXGroup;
			children = (
				74E8C1882865BCF700934323 /* Step */,
				74E8C1822864D50A00934323 /* CreateView.swift */,
				74E8C1842864E0CD00934323 /* CreateTopbarView.swift */,
				74E8C1862865A8EF00934323 /* QRCodeView.swift */,
				74E8C18D2865C12600934323 /* RestaurantSelectionToCreateView.swift */,
			);
			path = Create;
			sourceTree = "<group>";
		};
		74E8C1882865BCF700934323 /* Step */ = {
			isa = PBXGroup;
			children = (
				740B84C928670E060013B685 /* Menu */,
				74E8C1892865BD0D00934323 /* CreatedRoomView.swift */,
				740B84C7286653C30013B685 /* OrderMenuRoomView.swift */,
				740B84CC286714090013B685 /* ConfirmMenuRoomView.swift */,
				740B84D0286723B80013B685 /* ResultMenuRoomView.swift */,
			);
			path = Step;
			sourceTree = "<group>";
		};
		99D0BC44E67B1C1DE36D9E36 /* Frameworks */ = {
			isa = PBXGroup;
			children = (
				9015F741354433A5A438EDE0 /* Pods_Sushime.framework */,
			);
			name = Frameworks;
			sourceTree = "<group>";
		};
		B3EEAECA2A449E1E064CC8FA /* Pods */ = {
			isa = PBXGroup;
			children = (
				746AD19F39954111FAA156B1 /* Pods-Sushime.debug.xcconfig */,
				E82175E569E1CCBB206A4562 /* Pods-Sushime.release.xcconfig */,
			);
			path = Pods;
			sourceTree = "<group>";
		};
/* End PBXGroup section */

/* Begin PBXNativeTarget section */
		7435ACF4284B865300EC8DFF /* Sushime */ = {
			isa = PBXNativeTarget;
			buildConfigurationList = 7435AD08284B865400EC8DFF /* Build configuration list for PBXNativeTarget "Sushime" */;
			buildPhases = (
				C8C226854014F97AF42AC775 /* [CP] Check Pods Manifest.lock */,
				7435ACF1284B865300EC8DFF /* Sources */,
				7435ACF2284B865300EC8DFF /* Frameworks */,
				7435ACF3284B865300EC8DFF /* Resources */,
				DB430755459FDBFB33C1005D /* [CP] Embed Pods Frameworks */,
			);
			buildRules = (
			);
			dependencies = (
			);
			name = Sushime;
			packageProductDependencies = (
				74D391FB2864A4D800EFF226 /* CodeScanner */,
			);
			productName = Sushime;
			productReference = 7435ACF5284B865300EC8DFF /* Sushime.app */;
			productType = "com.apple.product-type.application";
		};
/* End PBXNativeTarget section */

/* Begin PBXProject section */
		7435ACED284B865300EC8DFF /* Project object */ = {
			isa = PBXProject;
			attributes = {
				BuildIndependentTargetsInParallel = 1;
				LastSwiftUpdateCheck = 1340;
				LastUpgradeCheck = 1340;
				TargetAttributes = {
					7435ACF4284B865300EC8DFF = {
						CreatedOnToolsVersion = 13.4.1;
					};
				};
			};
			buildConfigurationList = 7435ACF0284B865300EC8DFF /* Build configuration list for PBXProject "Sushime" */;
			compatibilityVersion = "Xcode 13.0";
			developmentRegion = en;
			hasScannedForEncodings = 0;
			knownRegions = (
				en,
				Base,
			);
			mainGroup = 7435ACEC284B865300EC8DFF;
			packageReferences = (
				74D391FA2864A4D800EFF226 /* XCRemoteSwiftPackageReference "CodeScanner" */,
			);
			productRefGroup = 7435ACF6284B865300EC8DFF /* Products */;
			projectDirPath = "";
			projectRoot = "";
			targets = (
				7435ACF4284B865300EC8DFF /* Sushime */,
			);
		};
/* End PBXProject section */

/* Begin PBXResourcesBuildPhase section */
		7435ACF3284B865300EC8DFF /* Resources */ = {
			isa = PBXResourcesBuildPhase;
			buildActionMask = 2147483647;
			files = (
				7483506528648E4000B1500C /* sushi-img in Resources */,
				745C22A7286372D0003693B5 /* piatti.csv in Resources */,
				7435AD00284B865400EC8DFF /* Preview Assets.xcassets in Resources */,
				7483506728648E4700B1500C /* restaurant-img in Resources */,
				745C22A8286372D0003693B5 /* categorie.csv in Resources */,
				74E8C1922865E5FB00934323 /* ristoranti.csv in Resources */,
				7435ACFD284B865400EC8DFF /* Assets.xcassets in Resources */,
			);
			runOnlyForDeploymentPostprocessing = 0;
		};
/* End PBXResourcesBuildPhase section */

/* Begin PBXShellScriptBuildPhase section */
		C8C226854014F97AF42AC775 /* [CP] Check Pods Manifest.lock */ = {
			isa = PBXShellScriptBuildPhase;
			buildActionMask = 2147483647;
			files = (
			);
			inputFileListPaths = (
			);
			inputPaths = (
				"${PODS_PODFILE_DIR_PATH}/Podfile.lock",
				"${PODS_ROOT}/Manifest.lock",
			);
			name = "[CP] Check Pods Manifest.lock";
			outputFileListPaths = (
			);
			outputPaths = (
				"$(DERIVED_FILE_DIR)/Pods-Sushime-checkManifestLockResult.txt",
			);
			runOnlyForDeploymentPostprocessing = 0;
			shellPath = /bin/sh;
			shellScript = "diff \"${PODS_PODFILE_DIR_PATH}/Podfile.lock\" \"${PODS_ROOT}/Manifest.lock\" > /dev/null\nif [ $? != 0 ] ; then\n    # print error to STDERR\n    echo \"error: The sandbox is not in sync with the Podfile.lock. Run 'pod install' or update your CocoaPods installation.\" >&2\n    exit 1\nfi\n# This output is used by Xcode 'outputs' to avoid re-running this script phase.\necho \"SUCCESS\" > \"${SCRIPT_OUTPUT_FILE_0}\"\n";
			showEnvVarsInLog = 0;
		};
		DB430755459FDBFB33C1005D /* [CP] Embed Pods Frameworks */ = {
			isa = PBXShellScriptBuildPhase;
			buildActionMask = 2147483647;
			files = (
			);
			inputFileListPaths = (
				"${PODS_ROOT}/Target Support Files/Pods-Sushime/Pods-Sushime-frameworks-${CONFIGURATION}-input-files.xcfilelist",
			);
			name = "[CP] Embed Pods Frameworks";
			outputFileListPaths = (
				"${PODS_ROOT}/Target Support Files/Pods-Sushime/Pods-Sushime-frameworks-${CONFIGURATION}-output-files.xcfilelist",
			);
			runOnlyForDeploymentPostprocessing = 0;
			shellPath = /bin/sh;
			shellScript = "\"${PODS_ROOT}/Target Support Files/Pods-Sushime/Pods-Sushime-frameworks.sh\"\n";
			showEnvVarsInLog = 0;
		};
/* End PBXShellScriptBuildPhase section */

/* Begin PBXSourcesBuildPhase section */
		7435ACF1284B865300EC8DFF /* Sources */ = {
			isa = PBXSourcesBuildPhase;
			buildActionMask = 2147483647;
			files = (
				74E8C1832864D50A00934323 /* CreateView.swift in Sources */,
				7431F04E285F36AD007F59B9 /* AccountView.swift in Sources */,
				740B84CB28670E460013B685 /* PiattoSquareForOrder.swift in Sources */,
				7435AD02284B865400EC8DFF /* Persistence.swift in Sources */,
				743CB8E12860C79A000B16AA /* cameraHelper.swift in Sources */,
				745C22AE28638DFC003693B5 /* GPSView.swift in Sources */,
				743CB8E42860CD53000B16AA /* UserFormView.swift in Sources */,
				7435ACFB284B865300EC8DFF /* ContentView.swift in Sources */,
				7483506B286494D700B1500C /* PiattoSquareView.swift in Sources */,
				743CB8DE2860AB2E000B16AA /* Model.swift in Sources */,
				742AE70028623F2100B84DF4 /* AppDelegateForHomeShortcut.swift in Sources */,
				743CB8DC2860AB22000B16AA /* ViewModel.swift in Sources */,
				740B84CD286714090013B685 /* ConfirmMenuRoomView.swift in Sources */,
				74E8C18E2865C12600934323 /* RestaurantSelectionToCreateView.swift in Sources */,
				740B84C2286622150013B685 /* WrapperMQTT.swift in Sources */,
				740B84C8286653C30013B685 /* OrderMenuRoomView.swift in Sources */,
				74E8C1852864E0CD00934323 /* CreateTopbarView.swift in Sources */,
				74E8C1872865A8EF00934323 /* QRCodeView.swift in Sources */,
				7431F053285F3852007F59B9 /* RestaurantView.swift in Sources */,
				7431F050285F37CB007F59B9 /* RoomView.swift in Sources */,
				743CB8D4285F8483000B16AA /* SelectionButton.swift in Sources */,
				745C22AC28638334003693B5 /* DBExtension.swift in Sources */,
				7435AD05284B865400EC8DFF /* Sushime.xcdatamodeld in Sources */,
				740B84C4286636240013B685 /* CreationState.swift in Sources */,
				74834FA12864874A00B1500C /* RestaurantDetailView.swift in Sources */,
				74E8C18A2865BD0D00934323 /* CreatedRoomView.swift in Sources */,
				743CB8D6285F95DB000B16AA /* SplashScreenView.swift in Sources */,
				7435ACF9284B865300EC8DFF /* SushimeApp.swift in Sources */,
				74F976F428622FF300FD8FEF /* AppPath.swift in Sources */,
				74E8C1812864D4EF00934323 /* JoinView.swift in Sources */,
				7435AD0D284B8C2200EC8DFF /* RootView.swift in Sources */,
				740B84D1286723B80013B685 /* ResultMenuRoomView.swift in Sources */,
			);
			runOnlyForDeploymentPostprocessing = 0;
		};
/* End PBXSourcesBuildPhase section */

/* Begin XCBuildConfiguration section */
		7435AD06284B865400EC8DFF /* Debug */ = {
			isa = XCBuildConfiguration;
			buildSettings = {
				ALWAYS_SEARCH_USER_PATHS = NO;
				CLANG_ANALYZER_NONNULL = YES;
				CLANG_ANALYZER_NUMBER_OBJECT_CONVERSION = YES_AGGRESSIVE;
				CLANG_CXX_LANGUAGE_STANDARD = "gnu++17";
				CLANG_ENABLE_MODULES = YES;
				CLANG_ENABLE_OBJC_ARC = YES;
				CLANG_ENABLE_OBJC_WEAK = YES;
				CLANG_WARN_BLOCK_CAPTURE_AUTORELEASING = YES;
				CLANG_WARN_BOOL_CONVERSION = YES;
				CLANG_WARN_COMMA = YES;
				CLANG_WARN_CONSTANT_CONVERSION = YES;
				CLANG_WARN_DEPRECATED_OBJC_IMPLEMENTATIONS = YES;
				CLANG_WARN_DIRECT_OBJC_ISA_USAGE = YES_ERROR;
				CLANG_WARN_DOCUMENTATION_COMMENTS = YES;
				CLANG_WARN_EMPTY_BODY = YES;
				CLANG_WARN_ENUM_CONVERSION = YES;
				CLANG_WARN_INFINITE_RECURSION = YES;
				CLANG_WARN_INT_CONVERSION = YES;
				CLANG_WARN_NON_LITERAL_NULL_CONVERSION = YES;
				CLANG_WARN_OBJC_IMPLICIT_RETAIN_SELF = YES;
				CLANG_WARN_OBJC_LITERAL_CONVERSION = YES;
				CLANG_WARN_OBJC_ROOT_CLASS = YES_ERROR;
				CLANG_WARN_QUOTED_INCLUDE_IN_FRAMEWORK_HEADER = YES;
				CLANG_WARN_RANGE_LOOP_ANALYSIS = YES;
				CLANG_WARN_STRICT_PROTOTYPES = YES;
				CLANG_WARN_SUSPICIOUS_MOVE = YES;
				CLANG_WARN_UNGUARDED_AVAILABILITY = YES_AGGRESSIVE;
				CLANG_WARN_UNREACHABLE_CODE = YES;
				CLANG_WARN__DUPLICATE_METHOD_MATCH = YES;
				COPY_PHASE_STRIP = NO;
				DEBUG_INFORMATION_FORMAT = dwarf;
				ENABLE_STRICT_OBJC_MSGSEND = YES;
				ENABLE_TESTABILITY = YES;
				GCC_C_LANGUAGE_STANDARD = gnu11;
				GCC_DYNAMIC_NO_PIC = NO;
				GCC_NO_COMMON_BLOCKS = YES;
				GCC_OPTIMIZATION_LEVEL = 0;
				GCC_PREPROCESSOR_DEFINITIONS = (
					"DEBUG=1",
					"$(inherited)",
				);
				GCC_WARN_64_TO_32_BIT_CONVERSION = YES;
				GCC_WARN_ABOUT_RETURN_TYPE = YES_ERROR;
				GCC_WARN_UNDECLARED_SELECTOR = YES;
				GCC_WARN_UNINITIALIZED_AUTOS = YES_AGGRESSIVE;
				GCC_WARN_UNUSED_FUNCTION = YES;
				GCC_WARN_UNUSED_VARIABLE = YES;
				IPHONEOS_DEPLOYMENT_TARGET = 15.5;
				MTL_ENABLE_DEBUG_INFO = INCLUDE_SOURCE;
				MTL_FAST_MATH = YES;
				ONLY_ACTIVE_ARCH = YES;
				SDKROOT = iphoneos;
				SWIFT_ACTIVE_COMPILATION_CONDITIONS = DEBUG;
				SWIFT_OPTIMIZATION_LEVEL = "-Onone";
			};
			name = Debug;
		};
		7435AD07284B865400EC8DFF /* Release */ = {
			isa = XCBuildConfiguration;
			buildSettings = {
				ALWAYS_SEARCH_USER_PATHS = NO;
				CLANG_ANALYZER_NONNULL = YES;
				CLANG_ANALYZER_NUMBER_OBJECT_CONVERSION = YES_AGGRESSIVE;
				CLANG_CXX_LANGUAGE_STANDARD = "gnu++17";
				CLANG_ENABLE_MODULES = YES;
				CLANG_ENABLE_OBJC_ARC = YES;
				CLANG_ENABLE_OBJC_WEAK = YES;
				CLANG_WARN_BLOCK_CAPTURE_AUTORELEASING = YES;
				CLANG_WARN_BOOL_CONVERSION = YES;
				CLANG_WARN_COMMA = YES;
				CLANG_WARN_CONSTANT_CONVERSION = YES;
				CLANG_WARN_DEPRECATED_OBJC_IMPLEMENTATIONS = YES;
				CLANG_WARN_DIRECT_OBJC_ISA_USAGE = YES_ERROR;
				CLANG_WARN_DOCUMENTATION_COMMENTS = YES;
				CLANG_WARN_EMPTY_BODY = YES;
				CLANG_WARN_ENUM_CONVERSION = YES;
				CLANG_WARN_INFINITE_RECURSION = YES;
				CLANG_WARN_INT_CONVERSION = YES;
				CLANG_WARN_NON_LITERAL_NULL_CONVERSION = YES;
				CLANG_WARN_OBJC_IMPLICIT_RETAIN_SELF = YES;
				CLANG_WARN_OBJC_LITERAL_CONVERSION = YES;
				CLANG_WARN_OBJC_ROOT_CLASS = YES_ERROR;
				CLANG_WARN_QUOTED_INCLUDE_IN_FRAMEWORK_HEADER = YES;
				CLANG_WARN_RANGE_LOOP_ANALYSIS = YES;
				CLANG_WARN_STRICT_PROTOTYPES = YES;
				CLANG_WARN_SUSPICIOUS_MOVE = YES;
				CLANG_WARN_UNGUARDED_AVAILABILITY = YES_AGGRESSIVE;
				CLANG_WARN_UNREACHABLE_CODE = YES;
				CLANG_WARN__DUPLICATE_METHOD_MATCH = YES;
				COPY_PHASE_STRIP = NO;
				DEBUG_INFORMATION_FORMAT = "dwarf-with-dsym";
				ENABLE_NS_ASSERTIONS = NO;
				ENABLE_STRICT_OBJC_MSGSEND = YES;
				GCC_C_LANGUAGE_STANDARD = gnu11;
				GCC_NO_COMMON_BLOCKS = YES;
				GCC_WARN_64_TO_32_BIT_CONVERSION = YES;
				GCC_WARN_ABOUT_RETURN_TYPE = YES_ERROR;
				GCC_WARN_UNDECLARED_SELECTOR = YES;
				GCC_WARN_UNINITIALIZED_AUTOS = YES_AGGRESSIVE;
				GCC_WARN_UNUSED_FUNCTION = YES;
				GCC_WARN_UNUSED_VARIABLE = YES;
				IPHONEOS_DEPLOYMENT_TARGET = 15.5;
				MTL_ENABLE_DEBUG_INFO = NO;
				MTL_FAST_MATH = YES;
				SDKROOT = iphoneos;
				SWIFT_COMPILATION_MODE = wholemodule;
				SWIFT_OPTIMIZATION_LEVEL = "-O";
				VALIDATE_PRODUCT = YES;
			};
			name = Release;
		};
		7435AD09284B865400EC8DFF /* Debug */ = {
			isa = XCBuildConfiguration;
			baseConfigurationReference = 746AD19F39954111FAA156B1 /* Pods-Sushime.debug.xcconfig */;
			buildSettings = {
				ASSETCATALOG_COMPILER_APPICON_NAME = AppIcon;
				ASSETCATALOG_COMPILER_GLOBAL_ACCENT_COLOR_NAME = AccentColor;
				CODE_SIGN_STYLE = Automatic;
				CURRENT_PROJECT_VERSION = 1;
				DEVELOPMENT_ASSET_PATHS = "\"Sushime/Preview Content\"";
				DEVELOPMENT_TEAM = FPRUXM55QR;
				ENABLE_PREVIEWS = YES;
				GENERATE_INFOPLIST_FILE = YES;
				INFOPLIST_FILE = Sushime/Info.plist;
				INFOPLIST_KEY_NSCameraUsageDescription = "We need camera to take profile photo for the user";
				INFOPLIST_KEY_UIApplicationSceneManifest_Generation = YES;
				INFOPLIST_KEY_UIApplicationSupportsIndirectInputEvents = YES;
				INFOPLIST_KEY_UILaunchScreen_Generation = YES;
				INFOPLIST_KEY_UISupportedInterfaceOrientations = "";
				INFOPLIST_KEY_UISupportedInterfaceOrientations_iPhone = UIInterfaceOrientationPortrait;
				LD_RUNPATH_SEARCH_PATHS = (
					"$(inherited)",
					"@executable_path/Frameworks",
				);
				MARKETING_VERSION = 1.0;
				PRODUCT_BUNDLE_IDENTIFIER = me.manuandru.Sushime;
				PRODUCT_NAME = "$(TARGET_NAME)";
				SWIFT_EMIT_LOC_STRINGS = YES;
				SWIFT_VERSION = 5.0;
				TARGETED_DEVICE_FAMILY = 1;
			};
			name = Debug;
		};
		7435AD0A284B865400EC8DFF /* Release */ = {
			isa = XCBuildConfiguration;
			baseConfigurationReference = E82175E569E1CCBB206A4562 /* Pods-Sushime.release.xcconfig */;
			buildSettings = {
				ASSETCATALOG_COMPILER_APPICON_NAME = AppIcon;
				ASSETCATALOG_COMPILER_GLOBAL_ACCENT_COLOR_NAME = AccentColor;
				CODE_SIGN_STYLE = Automatic;
				CURRENT_PROJECT_VERSION = 1;
				DEVELOPMENT_ASSET_PATHS = "\"Sushime/Preview Content\"";
				DEVELOPMENT_TEAM = FPRUXM55QR;
				ENABLE_PREVIEWS = YES;
				GENERATE_INFOPLIST_FILE = YES;
				INFOPLIST_FILE = Sushime/Info.plist;
				INFOPLIST_KEY_NSCameraUsageDescription = "We need camera to take profile photo for the user";
				INFOPLIST_KEY_UIApplicationSceneManifest_Generation = YES;
				INFOPLIST_KEY_UIApplicationSupportsIndirectInputEvents = YES;
				INFOPLIST_KEY_UILaunchScreen_Generation = YES;
				INFOPLIST_KEY_UISupportedInterfaceOrientations = "";
				INFOPLIST_KEY_UISupportedInterfaceOrientations_iPhone = UIInterfaceOrientationPortrait;
				LD_RUNPATH_SEARCH_PATHS = (
					"$(inherited)",
					"@executable_path/Frameworks",
				);
				MARKETING_VERSION = 1.0;
				PRODUCT_BUNDLE_IDENTIFIER = me.manuandru.Sushime;
				PRODUCT_NAME = "$(TARGET_NAME)";
				SWIFT_EMIT_LOC_STRINGS = YES;
				SWIFT_VERSION = 5.0;
				TARGETED_DEVICE_FAMILY = 1;
			};
			name = Release;
		};
/* End XCBuildConfiguration section */

/* Begin XCConfigurationList section */
		7435ACF0284B865300EC8DFF /* Build configuration list for PBXProject "Sushime" */ = {
			isa = XCConfigurationList;
			buildConfigurations = (
				7435AD06284B865400EC8DFF /* Debug */,
				7435AD07284B865400EC8DFF /* Release */,
			);
			defaultConfigurationIsVisible = 0;
			defaultConfigurationName = Release;
		};
		7435AD08284B865400EC8DFF /* Build configuration list for PBXNativeTarget "Sushime" */ = {
			isa = XCConfigurationList;
			buildConfigurations = (
				7435AD09284B865400EC8DFF /* Debug */,
				7435AD0A284B865400EC8DFF /* Release */,
			);
			defaultConfigurationIsVisible = 0;
			defaultConfigurationName = Release;
		};
/* End XCConfigurationList section */

/* Begin XCRemoteSwiftPackageReference section */
		74D391FA2864A4D800EFF226 /* XCRemoteSwiftPackageReference "CodeScanner" */ = {
			isa = XCRemoteSwiftPackageReference;
			repositoryURL = "https://github.com/twostraws/CodeScanner";
			requirement = {
				kind = upToNextMajorVersion;
				minimumVersion = 2.0.0;
			};
		};
/* End XCRemoteSwiftPackageReference section */

/* Begin XCSwiftPackageProductDependency section */
		74D391FB2864A4D800EFF226 /* CodeScanner */ = {
			isa = XCSwiftPackageProductDependency;
			package = 74D391FA2864A4D800EFF226 /* XCRemoteSwiftPackageReference "CodeScanner" */;
			productName = CodeScanner;
		};
/* End XCSwiftPackageProductDependency section */

/* Begin XCVersionGroup section */
		7435AD03284B865400EC8DFF /* Sushime.xcdatamodeld */ = {
			isa = XCVersionGroup;
			children = (
				7435AD04284B865400EC8DFF /* Sushime.xcdatamodel */,
			);
			currentVersion = 7435AD04284B865400EC8DFF /* Sushime.xcdatamodel */;
			path = Sushime.xcdatamodeld;
			sourceTree = "<group>";
			versionGroupType = wrapper.xcdatamodel;
		};
/* End XCVersionGroup section */
	};
	rootObject = 7435ACED284B865300EC8DFF /* Project object */;
}
